memo = "72c7dc530ddba52b783e04612359a7c3d1a0b5dc1d514d0f3b6f5dc1bedf5257"

[[projects]]
  branch = "master"
  name = "github.com/kyoh86/xdg"
  packages = ["."]
  revision = "d28e4c5d7b818c9d8b7e2ba745b583fd02fabad4"

[[projects]]
  branch = "master"
  name = "github.com/mattn/go-isatty"
  packages = ["."]
  revision = "a5cdd64afdee435007ee3e9f6ed4684af949d568"

[[projects]]
  branch = "master"
  name = "github.com/morikuni/aec"
  packages = ["."]
  revision = "39771216ff4c63d11f5e604076f9c45e8be1067b"

[[projects]]
  branch = "master"
  name = "github.com/wacul/ptr"
  packages = ["."]
  revision = "91632201dfc876021121963a76f103bbe1756b09"

[[projects]]
  branch = "master"
  name = "golang.org/x/sys"
  packages = ["unix"]
  revision = "314a259e304ff91bd6985da2a7149bbf91237993"

[[projects]]
  branch = "v2"
  name = "gopkg.in/yaml.v2"
  packages = ["."]
  revision = "eb3733d160e74a9c7e442f435eb3bea458e1d19f"
